
Microsoft Visual Studio Solution File, Format Version 12.00
# Visual Studio 15
VisualStudioVersion = 15.0.27004.2009
MinimumVisualStudioVersion = 10.0.40219.1
Project("{FAE04EC0-301F-11D3-BF4B-00C04F79EFBC}") = "ConDelegate1委派練習", "ConDelegate1委派練習\ConDelegate1委派練習.csproj", "{A17E4F8E-A317-4B9B-9EBD-B512D16E9833}"
EndProject
Global
	GlobalSection(SolutionConfigurationPlatforms) = preSolution
		Debug|Any CPU = Debug|Any CPU
		Release|Any CPU = Release|Any CPU
	EndGlobalSection
	GlobalSection(ProjectConfigurationPlatforms) = postSolution
		{A17E4F8E-A317-4B9B-9EBD-B512D16E9833}.Debug|Any CPU.ActiveCfg = Debug|Any CPU
		{A17E4F8E-A317-4B9B-9EBD-B512D16E9833}.Debug|Any CPU.Build.0 = Debug|Any CPU
		{A17E4F8E-A317-4B9B-9EBD-B512D16E9833}.Release|Any CPU.ActiveCfg = Release|Any CPU
		{A17E4F8E-A317-4B9B-9EBD-B512D16E9833}.Release|Any CPU.Build.0 = Release|Any CPU
	EndGlobalSection
	GlobalSection(SolutionProperties) = preSolution
		HideSolutionNode = FALSE
	EndGlobalSection
	GlobalSection(ExtensibilityGlobals) = postSolution
		SolutionGuid = {AD2A83B6-C167-40F8-99ED-27285E0DB1B2}
	EndGlobalSection
EndGlobal
